
Microsoft Visual Studio Solution File, Format Version 12.00
# Visual Studio Version 17
VisualStudioVersion = 17.0.31903.59
MinimumVisualStudioVersion = 10.0.40219.1
Project("{2150E333-8FDC-42A3-9474-1A3956D46DE8}") = "src", "src", "{DF76E970-6851-4FAF-A1F8-F61406D4A248}"
EndProject
Project("{2150E333-8FDC-42A3-9474-1A3956D46DE8}") = "Services", "Services", "{C7AB64E7-2454-4C6B-94B0-AC3C5133F8B1}"
EndProject
Project("{FAE04EC0-301F-11D3-BF4B-00C04F79EFBC}") = "EventCatalogService", "src\Services\EventCatalogService\EventCatalogService.csproj", "{CAC41493-E461-4658-8EF9-42C68BB0CB47}"
EndProject
Project("{FAE04EC0-301F-11D3-BF4B-00C04F79EFBC}") = "FollowerService", "src\Services\FollowerService\FollowerService.csproj", "{D164A035-A22A-4D8B-8A8B-6B2DAC28C7A9}"
EndProject
Project("{2150E333-8FDC-42A3-9474-1A3956D46DE8}") = "Clients", "Clients", "{DA78D9BB-53C8-487C-9F64-74ED71401E73}"
EndProject
Project("{FAE04EC0-301F-11D3-BF4B-00C04F79EFBC}") = "BlazorApp", "src\Clients\BlazorApp\BlazorApp.csproj", "{2EA6D166-3251-48B1-9E73-F234AB6EF65C}"
EndProject
Project("{FAE04EC0-301F-11D3-BF4B-00C04F79EFBC}") = "ScraperService", "src\Services\ScraperService\ScraperService.csproj", "{331805E3-5302-49DF-B718-49727F0A9900}"
EndProject
Global
	GlobalSection(SolutionConfigurationPlatforms) = preSolution
		Debug|Any CPU = Debug|Any CPU
		Release|Any CPU = Release|Any CPU
	EndGlobalSection
	GlobalSection(SolutionProperties) = preSolution
		HideSolutionNode = FALSE
	EndGlobalSection
	GlobalSection(ProjectConfigurationPlatforms) = postSolution
		{CAC41493-E461-4658-8EF9-42C68BB0CB47}.Debug|Any CPU.ActiveCfg = Debug|Any CPU
		{CAC41493-E461-4658-8EF9-42C68BB0CB47}.Debug|Any CPU.Build.0 = Debug|Any CPU
		{CAC41493-E461-4658-8EF9-42C68BB0CB47}.Release|Any CPU.ActiveCfg = Release|Any CPU
		{CAC41493-E461-4658-8EF9-42C68BB0CB47}.Release|Any CPU.Build.0 = Release|Any CPU
		{D164A035-A22A-4D8B-8A8B-6B2DAC28C7A9}.Debug|Any CPU.ActiveCfg = Debug|Any CPU
		{D164A035-A22A-4D8B-8A8B-6B2DAC28C7A9}.Debug|Any CPU.Build.0 = Debug|Any CPU
		{D164A035-A22A-4D8B-8A8B-6B2DAC28C7A9}.Release|Any CPU.ActiveCfg = Release|Any CPU
		{D164A035-A22A-4D8B-8A8B-6B2DAC28C7A9}.Release|Any CPU.Build.0 = Release|Any CPU
		{2EA6D166-3251-48B1-9E73-F234AB6EF65C}.Debug|Any CPU.ActiveCfg = Debug|Any CPU
		{2EA6D166-3251-48B1-9E73-F234AB6EF65C}.Debug|Any CPU.Build.0 = Debug|Any CPU
		{2EA6D166-3251-48B1-9E73-F234AB6EF65C}.Release|Any CPU.ActiveCfg = Release|Any CPU
		{2EA6D166-3251-48B1-9E73-F234AB6EF65C}.Release|Any CPU.Build.0 = Release|Any CPU
		{331805E3-5302-49DF-B718-49727F0A9900}.Debug|Any CPU.ActiveCfg = Debug|Any CPU
		{331805E3-5302-49DF-B718-49727F0A9900}.Debug|Any CPU.Build.0 = Debug|Any CPU
		{331805E3-5302-49DF-B718-49727F0A9900}.Release|Any CPU.ActiveCfg = Release|Any CPU
		{331805E3-5302-49DF-B718-49727F0A9900}.Release|Any CPU.Build.0 = Release|Any CPU
	EndGlobalSection
	GlobalSection(NestedProjects) = preSolution
		{C7AB64E7-2454-4C6B-94B0-AC3C5133F8B1} = {DF76E970-6851-4FAF-A1F8-F61406D4A248}
		{CAC41493-E461-4658-8EF9-42C68BB0CB47} = {C7AB64E7-2454-4C6B-94B0-AC3C5133F8B1}
		{D164A035-A22A-4D8B-8A8B-6B2DAC28C7A9} = {C7AB64E7-2454-4C6B-94B0-AC3C5133F8B1}
		{DA78D9BB-53C8-487C-9F64-74ED71401E73} = {DF76E970-6851-4FAF-A1F8-F61406D4A248}
		{2EA6D166-3251-48B1-9E73-F234AB6EF65C} = {DA78D9BB-53C8-487C-9F64-74ED71401E73}
		{331805E3-5302-49DF-B718-49727F0A9900} = {C7AB64E7-2454-4C6B-94B0-AC3C5133F8B1}
	EndGlobalSection
EndGlobal
